# THIS IS AN AUTOGENERATED FILE. DO NOT EDIT THIS FILE DIRECTLY.
# yarn lockfile v1


"@types/inputmask@^5.0.1":
  version "5.0.1"
  resolved "https://registry.yarnpkg.com/@types/inputmask/-/inputmask-5.0.1.tgz#b9bbac61270a76338116114f66e93b24afd94b1d"
  integrity sha512-pV43uU+Tm//GlLV+tXE0DhDWPvqi/sJBW8Y9BetK8LWo+o39ldVEo649R23Oypl/AIGsZasPlOgr/liR64oCoA==

inputmask@^5.0.6:
  version "5.0.6"
  resolved "https://registry.yarnpkg.com/inputmask/-/inputmask-5.0.6.tgz#c537a197b0c15ff926db4c2ea654f9768015b1c4"
  integrity sha512-/QjZuOEB7fJKMEu3xKL3LlycctMmK53Zr/fGSFtcjrfYxXks93iptutYowWNR1oUsHr2QIzy6V3MMYz07P2Cfw==

vue@^2.6.14:
  version "2.6.14"
  resolved "https://registry.yarnpkg.com/vue/-/vue-2.6.14.tgz#e51aa5250250d569a3fbad3a8a5a687d6036e235"
  integrity sha512-x2284lgYvjOMj3Za7kqzRcUSxBboHqtgRE2zlos1qWaOye5yUmHn42LB1250NJBLRwEcdrB0JRwyPTEPhfQjiQ==
